
Microsoft Visual Studio Solution File, Format Version 12.00
# Visual Studio Version 16
VisualStudioVersion = 16.0.30621.155
MinimumVisualStudioVersion = 10.0.40219.1
Project("{FAE04EC0-301F-11D3-BF4B-00C04F79EFBC}") = "Grooming Studios", "Grooming Studios\Grooming Studios.csproj", "{AF6E0607-5B7A-4965-AD28-100920E1368D}"
EndProject
Global
	GlobalSection(SolutionConfigurationPlatforms) = preSolution
		Debug|Any CPU = Debug|Any CPU
		Release|Any CPU = Release|Any CPU
	EndGlobalSection
	GlobalSection(ProjectConfigurationPlatforms) = postSolution
		{AF6E0607-5B7A-4965-AD28-100920E1368D}.Debug|Any CPU.ActiveCfg = Debug|Any CPU
		{AF6E0607-5B7A-4965-AD28-100920E1368D}.Debug|Any CPU.Build.0 = Debug|Any CPU
		{AF6E0607-5B7A-4965-AD28-100920E1368D}.Release|Any CPU.ActiveCfg = Release|Any CPU
		{AF6E0607-5B7A-4965-AD28-100920E1368D}.Release|Any CPU.Build.0 = Release|Any CPU
	EndGlobalSection
	GlobalSection(SolutionProperties) = preSolution
		HideSolutionNode = FALSE
	EndGlobalSection
	GlobalSection(ExtensibilityGlobals) = postSolution
		SolutionGuid = {8DF46AF9-FA0F-4953-8FF5-DDF6BF0AE21E}
	EndGlobalSection
EndGlobal
